// !$*UTF8*$!
{
	archiveVersion = 1;
	classes = {
	};
	objectVersion = 48;
	objects = {

/* Begin PBXBuildFile section */
		0843B8D01FB7B25000CFEA2C /* AppDelegate.swift in Sources */ = {isa = PBXBuildFile; fileRef = 0843B8CF1FB7B25000CFEA2C /* AppDelegate.swift */; };
		0843B8D21FB7B25000CFEA2C /* ViewController.swift in Sources */ = {isa = PBXBuildFile; fileRef = 0843B8D11FB7B25000CFEA2C /* ViewController.swift */; };
		0843B8D51FB7B25000CFEA2C /* Main.storyboard in Resources */ = {isa = PBXBuildFile; fileRef = 0843B8D31FB7B25000CFEA2C /* Main.storyboard */; };
		0843B8D71FB7B25000CFEA2C /* Assets.xcassets in Resources */ = {isa = PBXBuildFile; fileRef = 0843B8D61FB7B25000CFEA2C /* Assets.xcassets */; };
		0843B8DA1FB7B25000CFEA2C /* LaunchScreen.storyboard in Resources */ = {isa = PBXBuildFile; fileRef = 0843B8D81FB7B25000CFEA2C /* LaunchScreen.storyboard */; };
		0843B8E51FB7B25000CFEA2C /* ParkEmTests.swift in Sources */ = {isa = PBXBuildFile; fileRef = 0843B8E41FB7B25000CFEA2C /* ParkEmTests.swift */; };
/* End PBXBuildFile section */

/* Begin PBXContainerItemProxy section */
		0843B8E11FB7B25000CFEA2C /* PBXContainerItemProxy */ = {
			isa = PBXContainerItemProxy;
			containerPortal = 0843B8C41FB7B24F00CFEA2C /* Project object */;
			proxyType = 1;
			remoteGlobalIDString = 0843B8CB1FB7B24F00CFEA2C;
			remoteInfo = ParkEm;
		};
/* End PBXContainerItemProxy section */

/* Begin PBXFileReference section */
		0843B8CC1FB7B24F00CFEA2C /* ParkEm.app */ = {isa = PBXFileReference; explicitFileType = wrapper.application; includeInIndex = 0; path = ParkEm.app; sourceTree = BUILT_PRODUCTS_DIR; };
		0843B8CF1FB7B25000CFEA2C /* AppDelegate.swift */ = {isa = PBXFileReference; lastKnownFileType = sourcecode.swift; path = AppDelegate.swift; sourceTree = "<group>"; };
		0843B8D11FB7B25000CFEA2C /* ViewController.swift */ = {isa = PBXFileReference; lastKnownFileType = sourcecode.swift; path = ViewController.swift; sourceTree = "<group>"; };
		0843B8D41FB7B25000CFEA2C /* Base */ = {isa = PBXFileReference; lastKnownFileType = file.storyboard; name = Base; path = Base.lproj/Main.storyboard; sourceTree = "<group>"; };
		0843B8D61FB7B25000CFEA2C /* Assets.xcassets */ = {isa = PBXFileReference; lastKnownFileType = folder.assetcatalog; path = Assets.xcassets; sourceTree = "<group>"; };
		0843B8D91FB7B25000CFEA2C /* Base */ = {isa = PBXFileReference; lastKnownFileType = file.storyboard; name = Base; path = Base.lproj/LaunchScreen.storyboard; sourceTree = "<group>"; };
		0843B8DB1FB7B25000CFEA2C /* Info.plist */ = {isa = PBXFileReference; lastKnownFileType = text.plist.xml; path = Info.plist; sourceTree = "<group>"; };
		0843B8E01FB7B25000CFEA2C /* ParkEmTests.xctest */ = {isa = PBXFileReference; explicitFileType = wrapper.cfbundle; includeInIndex = 0; path = ParkEmTests.xctest; sourceTree = BUILT_PRODUCTS_DIR; };
		0843B8E41FB7B25000CFEA2C /* ParkEmTests.swift */ = {isa = PBXFileReference; lastKnownFileType = sourcecode.swift; path = ParkEmTests.swift; sourceTree = "<group>"; };
		0843B8E61FB7B25000CFEA2C /* Info.plist */ = {isa = PBXFileReference; lastKnownFileType = text.plist.xml; path = Info.plist; sourceTree = "<group>"; };
/* End PBXFileReference section */

/* Begin PBXFrameworksBuildPhase section */
		0843B8C91FB7B24F00CFEA2C /* Frameworks */ = {
			isa = PBXFrameworksBuildPhase;
			buildActionMask = 2147483647;
			files = (
			);
			runOnlyForDeploymentPostprocessing = 0;
		};
		0843B8DD1FB7B25000CFEA2C /* Frameworks */ = {
			isa = PBXFrameworksBuildPhase;
			buildActionMask = 2147483647;
			files = (
			);
			runOnlyForDeploymentPostprocessing = 0;
		};
/* End PBXFrameworksBuildPhase section */

/* Begin PBXGroup section */
		0843B8C31FB7B24F00CFEA2C = {
			isa = PBXGroup;
			children = (
				0843B8CE1FB7B25000CFEA2C /* ParkEm */,
				0843B8E31FB7B25000CFEA2C /* ParkEmTests */,
				0843B8CD1FB7B24F00CFEA2C /* Products */,
			);
			sourceTree = "<group>";
		};
		0843B8CD1FB7B24F00CFEA2C /* Products */ = {
			isa = PBXGroup;
			children = (
				0843B8CC1FB7B24F00CFEA2C /* ParkEm.app */,
				0843B8E01FB7B25000CFEA2C /* ParkEmTests.xctest */,
			);
			name = Products;
			sourceTree = "<group>";
		};
		0843B8CE1FB7B25000CFEA2C /* ParkEm */ = {
			isa = PBXGroup;
			children = (
				0843B8CF1FB7B25000CFEA2C /* AppDelegate.swift */,
				0843B8D11FB7B25000CFEA2C /* ViewController.swift */,
				0843B8D31FB7B25000CFEA2C /* Main.storyboard */,
				0843B8D61FB7B25000CFEA2C /* Assets.xcassets */,
				0843B8D81FB7B25000CFEA2C /* LaunchScreen.storyboard */,
				0843B8DB1FB7B25000CFEA2C /* Info.plist */,
			);
			path = ParkEm;
			sourceTree = "<group>";
		};
		0843B8E31FB7B25000CFEA2C /* ParkEmTests */ = {
			isa = PBXGroup;
			children = (
				0843B8E41FB7B25000CFEA2C /* ParkEmTests.swift */,
				0843B8E61FB7B25000CFEA2C /* Info.plist */,
			);
			path = ParkEmTests;
			sourceTree = "<group>";
		};
/* End PBXGroup section */

/* Begin PBXNativeTarget section */
		0843B8CB1FB7B24F00CFEA2C /* ParkEm */ = {
			isa = PBXNativeTarget;
			buildConfigurationList = 0843B8E91FB7B25000CFEA2C /* Build configuration list for PBXNativeTarget "ParkEm" */;
			buildPhases = (
				0843B8C81FB7B24F00CFEA2C /* Sources */,
				0843B8C91FB7B24F00CFEA2C /* Frameworks */,
				0843B8CA1FB7B24F00CFEA2C /* Resources */,
			);
			buildRules = (
			);
			dependencies = (
			);
			name = ParkEm;
			productName = ParkEm;
			productReference = 0843B8CC1FB7B24F00CFEA2C /* ParkEm.app */;
			productType = "com.apple.product-type.application";
		};
		0843B8DF1FB7B25000CFEA2C /* ParkEmTests */ = {
			isa = PBXNativeTarget;
			buildConfigurationList = 0843B8EC1FB7B25000CFEA2C /* Build configuration list for PBXNativeTarget "ParkEmTests" */;
			buildPhases = (
				0843B8DC1FB7B25000CFEA2C /* Sources */,
				0843B8DD1FB7B25000CFEA2C /* Frameworks */,
				0843B8DE1FB7B25000CFEA2C /* Resources */,
			);
			buildRules = (
			);
			dependencies = (
				0843B8E21FB7B25000CFEA2C /* PBXTargetDependency */,
			);
			name = ParkEmTests;
			productName = ParkEmTests;
			productReference = 0843B8E01FB7B25000CFEA2C /* ParkEmTests.xctest */;
			productType = "com.apple.product-type.bundle.unit-test";
		};
/* End PBXNativeTarget section */

/* Begin PBXProject section */
		0843B8C41FB7B24F00CFEA2C /* Project object */ = {
			isa = PBXProject;
			attributes = {
				LastSwiftUpdateCheck = 0900;
				LastUpgradeCheck = 0900;
				ORGANIZATIONNAME = ParkEm;
				TargetAttributes = {
					0843B8CB1FB7B24F00CFEA2C = {
						CreatedOnToolsVersion = 9.0;
						ProvisioningStyle = Automatic;
					};
					0843B8DF1FB7B25000CFEA2C = {
						CreatedOnToolsVersion = 9.0;
						ProvisioningStyle = Automatic;
						TestTargetID = 0843B8CB1FB7B24F00CFEA2C;
					};
				};
			};
			buildConfigurationList = 0843B8C71FB7B24F00CFEA2C /* Build configuration list for PBXProject "ParkEm" */;
			compatibilityVersion = "Xcode 8.0";
			developmentRegion = en;
			hasScannedForEncodings = 0;
			knownRegions = (
				en,
				Base,
			);
			mainGroup = 0843B8C31FB7B24F00CFEA2C;
			productRefGroup = 0843B8CD1FB7B24F00CFEA2C /* Products */;
			projectDirPath = "";
			projectRoot = "";
			targets = (
				0843B8CB1FB7B24F00CFEA2C /* ParkEm */,
				0843B8DF1FB7B25000CFEA2C /* ParkEmTests */,
			);
		};
/* End PBXProject section */

/* Begin PBXResourcesBuildPhase section */
		0843B8CA1FB7B24F00CFEA2C /* Resources */ = {
			isa = PBXResourcesBuildPhase;
			buildActionMask = 2147483647;
			files = (
				0843B8DA1FB7B25000CFEA2C /* LaunchScreen.storyboard in Resources */,
				0843B8D71FB7B25000CFEA2C /* Assets.xcassets in Resources */,
				0843B8D51FB7B25000CFEA2C /* Main.storyboard in Resources */,
			);
			runOnlyForDeploymentPostprocessing = 0;
		};
		0843B8DE1FB7B25000CFEA2C /* Resources */ = {
			isa = PBXResourcesBuildPhase;
			buildActionMask = 2147483647;
			files = (
			);
			runOnlyForDeploymentPostprocessing = 0;
		};
/* End PBXResourcesBuildPhase section */

/* Begin PBXSourcesBuildPhase section */
		0843B8C81FB7B24F00CFEA2C /* Sources */ = {
			isa = PBXSourcesBuildPhase;
			buildActionMask = 2147483647;
			files = (
				0843B8D21FB7B25000CFEA2C /* ViewController.swift in Sources */,
				0843B8D01FB7B25000CFEA2C /* AppDelegate.swift in Sources */,
			);
			runOnlyForDeploymentPostprocessing = 0;
		};
		0843B8DC1FB7B25000CFEA2C /* Sources */ = {
			isa = PBXSourcesBuildPhase;
			buildActionMask = 2147483647;
			files = (
				0843B8E51FB7B25000CFEA2C /* ParkEmTests.swift in Sources */,
			);
			runOnlyForDeploymentPostprocessing = 0;
		};
/* End PBXSourcesBuildPhase section */

/* Begin PBXTargetDependency section */
		0843B8E21FB7B25000CFEA2C /* PBXTargetDependency */ = {
			isa = PBXTargetDependency;
			target = 0843B8CB1FB7B24F00CFEA2C /* ParkEm */;
			targetProxy = 0843B8E11FB7B25000CFEA2C /* PBXContainerItemProxy */;
		};
/* End PBXTargetDependency section */

/* Begin PBXVariantGroup section */
		0843B8D31FB7B25000CFEA2C /* Main.storyboard */ = {
			isa = PBXVariantGroup;
			children = (
				0843B8D41FB7B25000CFEA2C /* Base */,
			);
			name = Main.storyboard;
			sourceTree = "<group>";
		};
		0843B8D81FB7B25000CFEA2C /* LaunchScreen.storyboard */ = {
			isa = PBXVariantGroup;
			children = (
				0843B8D91FB7B25000CFEA2C /* Base */,
			);
			name = LaunchScreen.storyboard;
			sourceTree = "<group>";
		};
/* End PBXVariantGroup section */

/* Begin XCBuildConfiguration section */
		0843B8E71FB7B25000CFEA2C /* Debug */ = {
			isa = XCBuildConfiguration;
			buildSettings = {
				ALWAYS_SEARCH_USER_PATHS = NO;
				CLANG_ANALYZER_NONNULL = YES;
				CLANG_ANALYZER_NUMBER_OBJECT_CONVERSION = YES_AGGRESSIVE;
				CLANG_CXX_LANGUAGE_STANDARD = "gnu++14";
				CLANG_CXX_LIBRARY = "libc++";
				CLANG_ENABLE_MODULES = YES;
				CLANG_ENABLE_OBJC_ARC = YES;
				CLANG_WARN_BLOCK_CAPTURE_AUTORELEASING = YES;
				CLANG_WARN_BOOL_CONVERSION = YES;
				CLANG_WARN_COMMA = YES;
				CLANG_WARN_CONSTANT_CONVERSION = YES;
				CLANG_WARN_DIRECT_OBJC_ISA_USAGE = YES_ERROR;
				CLANG_WARN_DOCUMENTATION_COMMENTS = YES;
				CLANG_WARN_EMPTY_BODY = YES;
				CLANG_WARN_ENUM_CONVERSION = YES;
				CLANG_WARN_INFINITE_RECURSION = YES;
				CLANG_WARN_INT_CONVERSION = YES;
				CLANG_WARN_NON_LITERAL_NULL_CONVERSION = YES;
				CLANG_WARN_OBJC_LITERAL_CONVERSION = YES;
				CLANG_WARN_OBJC_ROOT_CLASS = YES_ERROR;
				CLANG_WARN_RANGE_LOOP_ANALYSIS = YES;
				CLANG_WARN_STRICT_PROTOTYPES = YES;
				CLANG_WARN_SUSPICIOUS_MOVE = YES;
				CLANG_WARN_UNGUARDED_AVAILABILITY = YES_AGGRESSIVE;
				CLANG_WARN_UNREACHABLE_CODE = YES;
				CLANG_WARN__DUPLICATE_METHOD_MATCH = YES;
				CODE_SIGN_IDENTITY = "iPhone Developer";
				COPY_PHASE_STRIP = NO;
				DEBUG_INFORMATION_FORMAT = dwarf;
				ENABLE_STRICT_OBJC_MSGSEND = YES;
				ENABLE_TESTABILITY = YES;
				GCC_C_LANGUAGE_STANDARD = gnu11;
				GCC_DYNAMIC_NO_PIC = NO;
				GCC_NO_COMMON_BLOCKS = YES;
				GCC_OPTIMIZATION_LEVEL = 0;
				GCC_PREPROCESSOR_DEFINITIONS = (
					"DEBUG=1",
					"$(inherited)",
				);
				GCC_WARN_64_TO_32_BIT_CONVERSION = YES;
				GCC_WARN_ABOUT_RETURN_TYPE = YES_ERROR;
				GCC_WARN_UNDECLARED_SELECTOR = YES;
				GCC_WARN_UNINITIALIZED_AUTOS = YES_AGGRESSIVE;
				GCC_WARN_UNUSED_FUNCTION = YES;
				GCC_WARN_UNUSED_VARIABLE = YES;
				IPHONEOS_DEPLOYMENT_TARGET = 11.0;
				MTL_ENABLE_DEBUG_INFO = YES;
				ONLY_ACTIVE_ARCH = YES;
				SDKROOT = iphoneos;
				SWIFT_ACTIVE_COMPILATION_CONDITIONS = DEBUG;
				SWIFT_OPTIMIZATION_LEVEL = "-Onone";
			};
			name = Debug;
		};
		0843B8E81FB7B25000CFEA2C /* Release */ = {
			isa = XCBuildConfiguration;
			buildSettings = {
				ALWAYS_SEARCH_USER_PATHS = NO;
				CLANG_ANALYZER_NONNULL = YES;
				CLANG_ANALYZER_NUMBER_OBJECT_CONVERSION = YES_AGGRESSIVE;
				CLANG_CXX_LANGUAGE_STANDARD = "gnu++14";
				CLANG_CXX_LIBRARY = "libc++";
				CLANG_ENABLE_MODULES = YES;
				CLANG_ENABLE_OBJC_ARC = YES;
				CLANG_WARN_BLOCK_CAPTURE_AUTORELEASING = YES;
				CLANG_WARN_BOOL_CONVERSION = YES;
				CLANG_WARN_COMMA = YES;
				CLANG_WARN_CONSTANT_CONVERSION = YES;
				CLANG_WARN_DIRECT_OBJC_ISA_USAGE = YES_ERROR;
				CLANG_WARN_DOCUMENTATION_COMMENTS = YES;
				CLANG_WARN_EMPTY_BODY = YES;
				CLANG_WARN_ENUM_CONVERSION = YES;
				CLANG_WARN_INFINITE_RECURSION = YES;
				CLANG_WARN_INT_CONVERSION = YES;
				CLANG_WARN_NON_LITERAL_NULL_CONVERSION = YES;
				CLANG_WARN_OBJC_LITERAL_CONVERSION = YES;
				CLANG_WARN_OBJC_ROOT_CLASS = YES_ERROR;
				CLANG_WARN_RANGE_LOOP_ANALYSIS = YES;
				CLANG_WARN_STRICT_PROTOTYPES = YES;
				CLANG_WARN_SUSPICIOUS_MOVE = YES;
				CLANG_WARN_UNGUARDED_AVAILABILITY = YES_AGGRESSIVE;
				CLANG_WARN_UNREACHABLE_CODE = YES;
				CLANG_WARN__DUPLICATE_METHOD_MATCH = YES;
				CODE_SIGN_IDENTITY = "iPhone Developer";
				COPY_PHASE_STRIP = NO;
				DEBUG_INFORMATION_FORMAT = "dwarf-with-dsym";
				ENABLE_NS_ASSERTIONS = NO;
				ENABLE_STRICT_OBJC_MSGSEND = YES;
				GCC_C_LANGUAGE_STANDARD = gnu11;
				GCC_NO_COMMON_BLOCKS = YES;
				GCC_WARN_64_TO_32_BIT_CONVERSION = YES;
				GCC_WARN_ABOUT_RETURN_TYPE = YES_ERROR;
				GCC_WARN_UNDECLARED_SELECTOR = YES;
				GCC_WARN_UNINITIALIZED_AUTOS = YES_AGGRESSIVE;
				GCC_WARN_UNUSED_FUNCTION = YES;
				GCC_WARN_UNUSED_VARIABLE = YES;
				IPHONEOS_DEPLOYMENT_TARGET = 11.0;
				MTL_ENABLE_DEBUG_INFO = NO;
				SDKROOT = iphoneos;
				SWIFT_OPTIMIZATION_LEVEL = "-Owholemodule";
				VALIDATE_PRODUCT = YES;
			};
			name = Release;
		};
		0843B8EA1FB7B25000CFEA2C /* Debug */ = {
			isa = XCBuildConfiguration;
			buildSettings = {
				ASSETCATALOG_COMPILER_APPICON_NAME = AppIcon;
				CODE_SIGN_STYLE = Automatic;
				INFOPLIST_FILE = ParkEm/Info.plist;
				LD_RUNPATH_SEARCH_PATHS = "$(inherited) @executable_path/Frameworks";
				PRODUCT_BUNDLE_IDENTIFIER = com.ParkEm;
				PRODUCT_NAME = "$(TARGET_NAME)";
				SWIFT_VERSION = 4.0;
				TARGETED_DEVICE_FAMILY = "1,2";
			};
			name = Debug;
		};
		0843B8EB1FB7B25000CFEA2C /* Release */ = {
			isa = XCBuildConfiguration;
			buildSettings = {
				ASSETCATALOG_COMPILER_APPICON_NAME = AppIcon;
				CODE_SIGN_STYLE = Automatic;
				INFOPLIST_FILE = ParkEm/Info.plist;
				LD_RUNPATH_SEARCH_PATHS = "$(inherited) @executable_path/Frameworks";
				PRODUCT_BUNDLE_IDENTIFIER = com.ParkEm;
				PRODUCT_NAME = "$(TARGET_NAME)";
				SWIFT_VERSION = 4.0;
				TARGETED_DEVICE_FAMILY = "1,2";
			};
			name = Release;
		};
		0843B8ED1FB7B25000CFEA2C /* Debug */ = {
			isa = XCBuildConfiguration;
			buildSettings = {
				ALWAYS_EMBED_SWIFT_STANDARD_LIBRARIES = YES;
				BUNDLE_LOADER = "$(TEST_HOST)";
				CODE_SIGN_STYLE = Automatic;
				INFOPLIST_FILE = ParkEmTests/Info.plist;
				LD_RUNPATH_SEARCH_PATHS = "$(inherited) @executable_path/Frameworks @loader_path/Frameworks";
				PRODUCT_BUNDLE_IDENTIFIER = com.ParkEmTests;
				PRODUCT_NAME = "$(TARGET_NAME)";
				SWIFT_VERSION = 4.0;
				TARGETED_DEVICE_FAMILY = "1,2";
				TEST_HOST = "$(BUILT_PRODUCTS_DIR)/ParkEm.app/ParkEm";
			};
			name = Debug;
		};
		0843B8EE1FB7B25000CFEA2C /* Release */ = {
			isa = XCBuildConfiguration;
			buildSettings = {
				ALWAYS_EMBED_SWIFT_STANDARD_LIBRARIES = YES;
				BUNDLE_LOADER = "$(TEST_HOST)";
				CODE_SIGN_STYLE = Automatic;
				INFOPLIST_FILE = ParkEmTests/Info.plist;
				LD_RUNPATH_SEARCH_PATHS = "$(inherited) @executable_path/Frameworks @loader_path/Frameworks";
				PRODUCT_BUNDLE_IDENTIFIER = com.ParkEmTests;
				PRODUCT_NAME = "$(TARGET_NAME)";
				SWIFT_VERSION = 4.0;
				TARGETED_DEVICE_FAMILY = "1,2";
				TEST_HOST = "$(BUILT_PRODUCTS_DIR)/ParkEm.app/ParkEm";
			};
			name = Release;
		};
/* End XCBuildConfiguration section */

/* Begin XCConfigurationList section */
		0843B8C71FB7B24F00CFEA2C /* Build configuration list for PBXProject "ParkEm" */ = {
			isa = XCConfigurationList;
			buildConfigurations = (
				0843B8E71FB7B25000CFEA2C /* Debug */,
				0843B8E81FB7B25000CFEA2C /* Release */,
			);
			defaultConfigurationIsVisible = 0;
			defaultConfigurationName = Release;
		};
		0843B8E91FB7B25000CFEA2C /* Build configuration list for PBXNativeTarget "ParkEm" */ = {
			isa = XCConfigurationList;
			buildConfigurations = (
				0843B8EA1FB7B25000CFEA2C /* Debug */,
				0843B8EB1FB7B25000CFEA2C /* Release */,
			);
			defaultConfigurationIsVisible = 0;
			defaultConfigurationName = Release;
		};
		0843B8EC1FB7B25000CFEA2C /* Build configuration list for PBXNativeTarget "ParkEmTests" */ = {
			isa = XCConfigurationList;
			buildConfigurations = (
				0843B8ED1FB7B25000CFEA2C /* Debug */,
				0843B8EE1FB7B25000CFEA2C /* Release */,
			);
			defaultConfigurationIsVisible = 0;
			defaultConfigurationName = Release;
		};
/* End XCConfigurationList section */
	};
	rootObject = 0843B8C41FB7B24F00CFEA2C /* Project object */;
}
